
Microsoft Visual Studio Solution File, Format Version 12.00
# Visual Studio 15
VisualStudioVersion = 15.0.28307.136
MinimumVisualStudioVersion = 10.0.40219.1
Project("{9A19103F-16F7-4668-BE54-9A1E7A4F7556}") = "CienciaArgentina.Microservices.Entities", "CienciaArgentina.Microservices.Entities\CienciaArgentina.Microservices.Entities.csproj", "{0BB29E33-FC8E-446F-ABE9-B7ECB28469F6}"
EndProject
Project("{9A19103F-16F7-4668-BE54-9A1E7A4F7556}") = "CienciaArgentina.Microservices.Business", "CienciaArgentina.Microservices.Business\CienciaArgentina.Microservices.Business.csproj", "{106DBF34-7FD3-4807-82F4-194542FFEB76}"
EndProject
Project("{9A19103F-16F7-4668-BE54-9A1E7A4F7556}") = "CienciaArgentina.Microservices.Commons", "CienciaArgentina.Microservices.Commons\CienciaArgentina.Microservices.Commons.csproj", "{1A0F46E0-3340-4DEB-A2BF-2062C1DDB32D}"
EndProject
Project("{9A19103F-16F7-4668-BE54-9A1E7A4F7556}") = "CienciaArgentina.Microservices.Repositories", "CienciaArgentina.Microservices.Data\CienciaArgentina.Microservices.Repositories.csproj", "{C258D8D6-812B-445F-962D-592FD16AC4AB}"
EndProject
Project("{9A19103F-16F7-4668-BE54-9A1E7A4F7556}") = "CienciaArgentina.Microservices", "CienciaArgentina.Microservices\CienciaArgentina.Microservices.csproj", "{8644A955-4F31-4BE6-8CFA-4A83CC60C2F1}"
EndProject
Project("{9A19103F-16F7-4668-BE54-9A1E7A4F7556}") = "CienciaArgentina.Microservices.Storage.Azure", "CienciaArgentina.Microservices.Storage.Azure\CienciaArgentina.Microservices.Storage.Azure.csproj", "{7316EDFC-4449-4155-A16E-24ACEAF629EE}"
EndProject
Project("{9A19103F-16F7-4668-BE54-9A1E7A4F7556}") = "CienciaArgentina.Microservices.QueueConsumers", "CienciaArgentina.Microservices.QueueConsumers\CienciaArgentina.Microservices.QueueConsumers.csproj", "{6C7D186B-A633-47BD-B89E-4BE0BB67BF4E}"
EndProject
Project("{9A19103F-16F7-4668-BE54-9A1E7A4F7556}") = "CienciaArgentina.Microservices.Worker", "CienciaArgentina.Microservices.Worker\CienciaArgentina.Microservices.Worker.csproj", "{A18139C7-761B-4F0B-96EB-7C3EDDA5203C}"
EndProject
Project("{2150E333-8FDC-42A3-9474-1A3956D46DE8}") = "Worker", "Worker", "{6E8EC9B6-CC3A-446A-9517-B1508218D184}"
EndProject
Project("{2150E333-8FDC-42A3-9474-1A3956D46DE8}") = "Infrastructure", "Infrastructure", "{F65941E3-347C-4D92-A1DF-02342B1424E7}"
EndProject
Project("{2150E333-8FDC-42A3-9474-1A3956D46DE8}") = "Test", "Test", "{D81D71A0-E100-4BE5-AB48-E006C97CA036}"
EndProject
Project("{9A19103F-16F7-4668-BE54-9A1E7A4F7556}") = "CienciaArgentina.Microservices.Tests", "CienciaArgentina.Microservices.UnitTests\CienciaArgentina.Microservices.Tests.csproj", "{89A2B909-D397-4A17-AD88-432D90DEE463}"
EndProject
Project("{9A19103F-16F7-4668-BE54-9A1E7A4F7556}") = "CienciaArgentina.Microservices.Persistence", "CienciaArgentina.Microservices.Persistence\CienciaArgentina.Microservices.Persistence.csproj", "{8704B830-EAB9-4FB5-BF66-F04E62054C9D}"
EndProject
Project("{2150E333-8FDC-42A3-9474-1A3956D46DE8}") = "Common", "Common", "{C875F7C8-21E5-4D6E-9622-8DAAA35D168E}"
EndProject
Project("{2150E333-8FDC-42A3-9474-1A3956D46DE8}") = "Application", "Application", "{34105650-1FD5-47E5-9DAB-926935BF5018}"
EndProject
Global
	GlobalSection(SolutionConfigurationPlatforms) = preSolution
		Debug|Any CPU = Debug|Any CPU
		Release|Any CPU = Release|Any CPU
	EndGlobalSection
	GlobalSection(ProjectConfigurationPlatforms) = postSolution
		{0BB29E33-FC8E-446F-ABE9-B7ECB28469F6}.Debug|Any CPU.ActiveCfg = Debug|Any CPU
		{0BB29E33-FC8E-446F-ABE9-B7ECB28469F6}.Debug|Any CPU.Build.0 = Debug|Any CPU
		{0BB29E33-FC8E-446F-ABE9-B7ECB28469F6}.Release|Any CPU.ActiveCfg = Release|Any CPU
		{0BB29E33-FC8E-446F-ABE9-B7ECB28469F6}.Release|Any CPU.Build.0 = Release|Any CPU
		{106DBF34-7FD3-4807-82F4-194542FFEB76}.Debug|Any CPU.ActiveCfg = Debug|Any CPU
		{106DBF34-7FD3-4807-82F4-194542FFEB76}.Debug|Any CPU.Build.0 = Debug|Any CPU
		{106DBF34-7FD3-4807-82F4-194542FFEB76}.Release|Any CPU.ActiveCfg = Release|Any CPU
		{106DBF34-7FD3-4807-82F4-194542FFEB76}.Release|Any CPU.Build.0 = Release|Any CPU
		{1A0F46E0-3340-4DEB-A2BF-2062C1DDB32D}.Debug|Any CPU.ActiveCfg = Debug|Any CPU
		{1A0F46E0-3340-4DEB-A2BF-2062C1DDB32D}.Debug|Any CPU.Build.0 = Debug|Any CPU
		{1A0F46E0-3340-4DEB-A2BF-2062C1DDB32D}.Release|Any CPU.ActiveCfg = Release|Any CPU
		{1A0F46E0-3340-4DEB-A2BF-2062C1DDB32D}.Release|Any CPU.Build.0 = Release|Any CPU
		{C258D8D6-812B-445F-962D-592FD16AC4AB}.Debug|Any CPU.ActiveCfg = Debug|Any CPU
		{C258D8D6-812B-445F-962D-592FD16AC4AB}.Debug|Any CPU.Build.0 = Debug|Any CPU
		{C258D8D6-812B-445F-962D-592FD16AC4AB}.Release|Any CPU.ActiveCfg = Release|Any CPU
		{C258D8D6-812B-445F-962D-592FD16AC4AB}.Release|Any CPU.Build.0 = Release|Any CPU
		{8644A955-4F31-4BE6-8CFA-4A83CC60C2F1}.Debug|Any CPU.ActiveCfg = Debug|Any CPU
		{8644A955-4F31-4BE6-8CFA-4A83CC60C2F1}.Debug|Any CPU.Build.0 = Debug|Any CPU
		{8644A955-4F31-4BE6-8CFA-4A83CC60C2F1}.Release|Any CPU.ActiveCfg = Release|Any CPU
		{8644A955-4F31-4BE6-8CFA-4A83CC60C2F1}.Release|Any CPU.Build.0 = Release|Any CPU
		{7316EDFC-4449-4155-A16E-24ACEAF629EE}.Debug|Any CPU.ActiveCfg = Debug|Any CPU
		{7316EDFC-4449-4155-A16E-24ACEAF629EE}.Debug|Any CPU.Build.0 = Debug|Any CPU
		{7316EDFC-4449-4155-A16E-24ACEAF629EE}.Release|Any CPU.ActiveCfg = Release|Any CPU
		{7316EDFC-4449-4155-A16E-24ACEAF629EE}.Release|Any CPU.Build.0 = Release|Any CPU
		{6C7D186B-A633-47BD-B89E-4BE0BB67BF4E}.Debug|Any CPU.ActiveCfg = Debug|Any CPU
		{6C7D186B-A633-47BD-B89E-4BE0BB67BF4E}.Debug|Any CPU.Build.0 = Debug|Any CPU
		{6C7D186B-A633-47BD-B89E-4BE0BB67BF4E}.Release|Any CPU.ActiveCfg = Release|Any CPU
		{6C7D186B-A633-47BD-B89E-4BE0BB67BF4E}.Release|Any CPU.Build.0 = Release|Any CPU
		{A18139C7-761B-4F0B-96EB-7C3EDDA5203C}.Debug|Any CPU.ActiveCfg = Debug|Any CPU
		{A18139C7-761B-4F0B-96EB-7C3EDDA5203C}.Debug|Any CPU.Build.0 = Debug|Any CPU
		{A18139C7-761B-4F0B-96EB-7C3EDDA5203C}.Release|Any CPU.ActiveCfg = Release|Any CPU
		{A18139C7-761B-4F0B-96EB-7C3EDDA5203C}.Release|Any CPU.Build.0 = Release|Any CPU
		{89A2B909-D397-4A17-AD88-432D90DEE463}.Debug|Any CPU.ActiveCfg = Debug|Any CPU
		{89A2B909-D397-4A17-AD88-432D90DEE463}.Debug|Any CPU.Build.0 = Debug|Any CPU
		{89A2B909-D397-4A17-AD88-432D90DEE463}.Release|Any CPU.ActiveCfg = Release|Any CPU
		{89A2B909-D397-4A17-AD88-432D90DEE463}.Release|Any CPU.Build.0 = Release|Any CPU
		{8704B830-EAB9-4FB5-BF66-F04E62054C9D}.Debug|Any CPU.ActiveCfg = Debug|Any CPU
		{8704B830-EAB9-4FB5-BF66-F04E62054C9D}.Debug|Any CPU.Build.0 = Debug|Any CPU
		{8704B830-EAB9-4FB5-BF66-F04E62054C9D}.Release|Any CPU.ActiveCfg = Release|Any CPU
		{8704B830-EAB9-4FB5-BF66-F04E62054C9D}.Release|Any CPU.Build.0 = Release|Any CPU
	EndGlobalSection
	GlobalSection(SolutionProperties) = preSolution
		HideSolutionNode = FALSE
	EndGlobalSection
	GlobalSection(NestedProjects) = preSolution
		{0BB29E33-FC8E-446F-ABE9-B7ECB28469F6} = {C875F7C8-21E5-4D6E-9622-8DAAA35D168E}
		{106DBF34-7FD3-4807-82F4-194542FFEB76} = {34105650-1FD5-47E5-9DAB-926935BF5018}
		{1A0F46E0-3340-4DEB-A2BF-2062C1DDB32D} = {C875F7C8-21E5-4D6E-9622-8DAAA35D168E}
		{C258D8D6-812B-445F-962D-592FD16AC4AB} = {F65941E3-347C-4D92-A1DF-02342B1424E7}
		{8644A955-4F31-4BE6-8CFA-4A83CC60C2F1} = {34105650-1FD5-47E5-9DAB-926935BF5018}
		{7316EDFC-4449-4155-A16E-24ACEAF629EE} = {F65941E3-347C-4D92-A1DF-02342B1424E7}
		{6C7D186B-A633-47BD-B89E-4BE0BB67BF4E} = {6E8EC9B6-CC3A-446A-9517-B1508218D184}
		{A18139C7-761B-4F0B-96EB-7C3EDDA5203C} = {6E8EC9B6-CC3A-446A-9517-B1508218D184}
		{89A2B909-D397-4A17-AD88-432D90DEE463} = {D81D71A0-E100-4BE5-AB48-E006C97CA036}
		{8704B830-EAB9-4FB5-BF66-F04E62054C9D} = {F65941E3-347C-4D92-A1DF-02342B1424E7}
	EndGlobalSection
	GlobalSection(ExtensibilityGlobals) = postSolution
		SolutionGuid = {901A74C7-AAF9-47E0-8EDE-17BB06A3FC36}
	EndGlobalSection
EndGlobal
